
Microsoft Visual Studio Solution File, Format Version 12.00
# Visual Studio Version 17
VisualStudioVersion = 17.6.33606.364
MinimumVisualStudioVersion = 10.0.40219.1
Project("{9A19103F-16F7-4668-BE54-9A1E7A4F7556}") = "Frenchex.Dev.Vagrant.Lib.Domain", "Frenchex.Dev.Vagrant.Lib.Domain\Frenchex.Dev.Vagrant.Lib.Domain.csproj", "{1E2BF84A-D75B-49EA-9D3C-BECF17E0DBB4}"
EndProject
Project("{2150E333-8FDC-42A3-9474-1A3956D46DE8}") = "Vagrant", "Vagrant", "{DA89DFBC-BA73-42D6-8878-A47BCD8C39C2}"
EndProject
Project("{9A19103F-16F7-4668-BE54-9A1E7A4F7556}") = "Frenchex.Dev.Vagrant.Lib.Infrastructure", "Frenchex.Dev.Vagrant.Lib.Infrastructure\Frenchex.Dev.Vagrant.Lib.Infrastructure.csproj", "{5EB9F883-67E2-4649-8092-44237FF53777}"
EndProject
Project("{9A19103F-16F7-4668-BE54-9A1E7A4F7556}") = "Frenchex.Dev.Vagrant.Lib", "Frenchex.Dev.Vagrant.Lib\Frenchex.Dev.Vagrant.Lib.csproj", "{8581AB79-1AD8-4D76-AA7E-0D2D2D2BFF94}"
EndProject
Project("{9A19103F-16F7-4668-BE54-9A1E7A4F7556}") = "Frenchex.Dev.Vagrant.Lib.Domain.Abstractions", "Frenchex.Dev.Vagrant.Lib.Domain.Abstractions\Frenchex.Dev.Vagrant.Lib.Domain.Abstractions.csproj", "{E4D29927-79FC-4907-8E3E-34BAB6F79340}"
EndProject
Project("{9A19103F-16F7-4668-BE54-9A1E7A4F7556}") = "Frenchex.Dev.Vagrant.Lib.Tests", "Frenchex.Dev.Vagrant.Lib.Tests\Frenchex.Dev.Vagrant.Lib.Tests.csproj", "{F37D9FAB-9739-4F82-9C5D-35737BD5090F}"
EndProject
Project("{2150E333-8FDC-42A3-9474-1A3956D46DE8}") = "DotnetCore", "DotnetCore", "{9F7F6849-40BF-4C32-94FB-F3909A75673D}"
EndProject
Project("{9A19103F-16F7-4668-BE54-9A1E7A4F7556}") = "Frenchex.Dev.DotnetCore.Process.Lib", "Frenchex.Dev.DotnetCore.Process.Lib\Frenchex.Dev.DotnetCore.Process.Lib.csproj", "{9A6A551C-6A2C-482E-AD1B-63E73D0A1D18}"
EndProject
Project("{9A19103F-16F7-4668-BE54-9A1E7A4F7556}") = "Frenchex.Dev.Vagrant.Lib.Domain.Tests", "Frenchex.Dev.Vagrant.Lib.Domain.Tests\Frenchex.Dev.Vagrant.Lib.Domain.Tests.csproj", "{B2BDBCB0-115A-4A3E-A6B3-E92BA29FE090}"
EndProject
Project("{9A19103F-16F7-4668-BE54-9A1E7A4F7556}") = "Frenchex.Dev.DotnetCore.Process.Lib.Domain", "Frenchex.Dev.DotnetCore.Process.Lib.Domain\Frenchex.Dev.DotnetCore.Process.Lib.Domain.csproj", "{D25A3051-BBCF-4744-BEBE-C0F66DE73957}"
EndProject
Project("{9A19103F-16F7-4668-BE54-9A1E7A4F7556}") = "Frenchex.Dev.DotnetCore.Process.Lib.Infrastructure", "Frenchex.Dev.DotnetCore.Process.Lib.Infrastructure\Frenchex.Dev.DotnetCore.Process.Lib.Infrastructure.csproj", "{234ED7F4-3860-476E-AA00-936F2C69D2D6}"
EndProject
Project("{2150E333-8FDC-42A3-9474-1A3956D46DE8}") = "Éléments de solution", "Éléments de solution", "{B072CF3C-8249-4FCA-8A18-71E87B453DCB}"
	ProjectSection(SolutionItems) = preProject
		.gitignore = .gitignore
		global.json = global.json
		LICENSE.md = LICENSE.md
	EndProjectSection
EndProject
Project("{2150E333-8FDC-42A3-9474-1A3956D46DE8}") = "Process", "Process", "{137348C5-FDE2-4C60-B380-88AE06D9B006}"
EndProject
Project("{2150E333-8FDC-42A3-9474-1A3956D46DE8}") = "DotnetCore", "DotnetCore", "{CA1A6E50-64F0-46FE-BD24-24B827056E6F}"
EndProject
Project("{2150E333-8FDC-42A3-9474-1A3956D46DE8}") = "Solution", "Solution", "{7A5C9BD9-B6C9-4489-814F-99C53B131646}"
EndProject
Project("{2150E333-8FDC-42A3-9474-1A3956D46DE8}") = "Project", "Project", "{CDCD5829-7A1D-4A75-9635-722F5510CF6A}"
EndProject
Project("{2150E333-8FDC-42A3-9474-1A3956D46DE8}") = "Template", "Template", "{BDE111B0-A19C-44E7-8AAA-82BBA421176F}"
EndProject
Project("{9A19103F-16F7-4668-BE54-9A1E7A4F7556}") = "Frenchex.Dev.DotnetCore.DotnetCore.Template.Generator.Lib", "Frenchex.Dev.DotnetCore.DotnetCore.Template.Generator.Lib\Frenchex.Dev.DotnetCore.DotnetCore.Template.Generator.Lib.csproj", "{748B55B5-2C79-451B-B916-6C9FDA5B4D01}"
EndProject
Project("{9A19103F-16F7-4668-BE54-9A1E7A4F7556}") = "Frenchex.Dev.DotnetCore.DotnetCore.Template.Generator.Lib.Domain", "Frenchex.Dev.DotnetCore.DotnetCore.Template.Generator.Lib.Domain\Frenchex.Dev.DotnetCore.DotnetCore.Template.Generator.Lib.Domain.csproj", "{08217A9C-F0F3-4817-907E-043486127225}"
EndProject
Project("{9A19103F-16F7-4668-BE54-9A1E7A4F7556}") = "Frenchex.Dev.DotnetCore.DotnetCore.Template.Generator.Lib.Infrastructure", "Frenchex.Dev.DotnetCore.DotnetCore.Template.Generator.Lib.Infrastructure\Frenchex.Dev.DotnetCore.DotnetCore.Template.Generator.Lib.Infrastructure.csproj", "{F6C0CDAD-5A7C-4142-A9CC-A665CB38A11C}"
EndProject
Project("{9A19103F-16F7-4668-BE54-9A1E7A4F7556}") = "Frenchex.Dev.DotnetCore.DotnetCore.Template.Generator.Lib.Domain.Abstractions", "Frenchex.Dev.DotnetCore.DotnetCore.Template.Generator.Lib.Domain.Abstractions\Frenchex.Dev.DotnetCore.DotnetCore.Template.Generator.Lib.Domain.Abstractions.csproj", "{E490FF15-2272-4BAA-B49C-229107DC15B8}"
EndProject
Project("{2150E333-8FDC-42A3-9474-1A3956D46DE8}") = "Generator", "Generator", "{12DFF91D-16E6-43FB-8AF0-080B3FDEBF9F}"
EndProject
Project("{9A19103F-16F7-4668-BE54-9A1E7A4F7556}") = "Frenchex.Dev.DotnetCore.DotnetCore.Template.Generator.Lib.Tests", "Frenchex.Dev.DotnetCore.DotnetCore.Template.Generator.Lib.Tests\Frenchex.Dev.DotnetCore.DotnetCore.Template.Generator.Lib.Tests.csproj", "{A444F678-9B11-40DB-899B-CBBD77F82B23}"
EndProject
Project("{2150E333-8FDC-42A3-9474-1A3956D46DE8}") = "Generator", "Generator", "{53BD619D-5164-4B05-966C-5BB175293566}"
EndProject
Project("{9A19103F-16F7-4668-BE54-9A1E7A4F7556}") = "Frenchex.Dev.DotnetCore.DotnetCore.Solution.Generator.Lib", "Frenchex.Dev.DotnetCore.DotnetCore.Solution.Generator.Lib\Frenchex.Dev.DotnetCore.DotnetCore.Solution.Generator.Lib.csproj", "{BFB2B839-13FD-4635-A414-F62ABFFB202B}"
EndProject
Project("{9A19103F-16F7-4668-BE54-9A1E7A4F7556}") = "Frenchex.Dev.DotnetCore.DotnetCore.Solution.Generator.Lib.Domain", "Frenchex.Dev.DotnetCore.DotnetCore.Solution.Generator.Lib.Domain\Frenchex.Dev.DotnetCore.DotnetCore.Solution.Generator.Lib.Domain.csproj", "{1F4200BD-B858-42F6-9CE0-0BAD99E2F909}"
EndProject
Project("{9A19103F-16F7-4668-BE54-9A1E7A4F7556}") = "Frenchex.Dev.DotnetCore.DotnetCore.Solution.Generator.Lib.Domain.Abstractions", "Frenchex.Dev.DotnetCore.DotnetCore.Solution.Generator.Lib.Domain.Abstractions\Frenchex.Dev.DotnetCore.DotnetCore.Solution.Generator.Lib.Domain.Abstractions.csproj", "{01260F9E-E473-4D9B-91AD-E19F1F35D8AD}"
EndProject
Project("{9A19103F-16F7-4668-BE54-9A1E7A4F7556}") = "Frenchex.Dev.DotnetCore.DotnetCore.Solution.Generator.Lib.Infrastructure", "Frenchex.Dev.DotnetCore.DotnetCore.Solution.Generator.Lib.Infrastructure\Frenchex.Dev.DotnetCore.DotnetCore.Solution.Generator.Lib.Infrastructure.csproj", "{8CE096C9-A750-47A4-9756-91CA77A41675}"
EndProject
Project("{9A19103F-16F7-4668-BE54-9A1E7A4F7556}") = "Frenchex.Dev.DotnetCore.DotnetCore.Solution.Generator.Lib.Tests", "Frenchex.Dev.DotnetCore.DotnetCore.Solution.Generator.Lib.Tests\Frenchex.Dev.DotnetCore.DotnetCore.Solution.Generator.Lib.Tests.csproj", "{4CB16E37-F5A5-4C7C-8640-CD6EBD0EA126}"
EndProject
Project("{2150E333-8FDC-42A3-9474-1A3956D46DE8}") = "Generator", "Generator", "{D6922EC7-4027-45A6-9639-595319963ACB}"
EndProject
Project("{9A19103F-16F7-4668-BE54-9A1E7A4F7556}") = "Frenchex.Dev.DotnetCore.DotnetCore.Project.Generator.Lib", "Frenchex.Dev.DotnetCore.DotnetCore.Project.Generator.Lib\Frenchex.Dev.DotnetCore.DotnetCore.Project.Generator.Lib.csproj", "{27FA51E4-7BBF-4332-B31C-FA038BF43553}"
EndProject
Project("{9A19103F-16F7-4668-BE54-9A1E7A4F7556}") = "Frenchex.Dev.DotnetCore.DotnetCore.Project.Generator.Lib.Domain", "Frenchex.Dev.DotnetCore.DotnetCore.Project.Generator.Lib.Domain\Frenchex.Dev.DotnetCore.DotnetCore.Project.Generator.Lib.Domain.csproj", "{1ED79886-35CD-41A4-AD88-5ACF6618DF82}"
EndProject
Project("{9A19103F-16F7-4668-BE54-9A1E7A4F7556}") = "Frenchex.Dev.DotnetCore.DotnetCore.Project.Generator.Lib.Domain.Abstractions", "Frenchex.Dev.DotnetCore.DotnetCore.Project.Generator.Lib.Domain.Abstractions\Frenchex.Dev.DotnetCore.DotnetCore.Project.Generator.Lib.Domain.Abstractions.csproj", "{06AF84B5-E661-4A7A-BBFA-5EE70F7AE2D0}"
EndProject
Project("{9A19103F-16F7-4668-BE54-9A1E7A4F7556}") = "Frenchex.Dev.DotnetCore.DotnetCore.Project.Generator.Lib.Infrastructure", "Frenchex.Dev.DotnetCore.DotnetCore.Project.Generator.Lib.Infrastructure\Frenchex.Dev.DotnetCore.DotnetCore.Project.Generator.Lib.Infrastructure.csproj", "{3080DE09-B161-4BEA-91B2-6E71D36242E4}"
EndProject
Project("{9A19103F-16F7-4668-BE54-9A1E7A4F7556}") = "Frenchex.Dev.DotnetCore.DotnetCore.Project.Generator.Lib.Tests", "Frenchex.Dev.DotnetCore.DotnetCore.Project.Generator.Lib.Tests\Frenchex.Dev.DotnetCore.DotnetCore.Project.Generator.Lib.Tests.csproj", "{143A7CC0-899F-4EF3-8BEE-5B1D21075FA2}"
EndProject
Project("{2150E333-8FDC-42A3-9474-1A3956D46DE8}") = "Testing", "Testing", "{FF663486-8B48-492D-9953-7BF1A9EFFBAA}"
EndProject
Project("{FAE04EC0-301F-11D3-BF4B-00C04F79EFBC}") = "Frenchex.Dev.DotnetCore.Testing.Lib", "Frenchex.Dev.DotnetCore.Testing.Lib\Frenchex.Dev.DotnetCore.Testing.Lib.csproj", "{E0F4F931-A159-41E3-9CCC-4BA0378DCC56}"
EndProject
Project("{2150E333-8FDC-42A3-9474-1A3956D46DE8}") = "Generator", "Generator", "{8C6314BB-2E67-4707-B115-F5D0F80E23FC}"
EndProject
Project("{FAE04EC0-301F-11D3-BF4B-00C04F79EFBC}") = "Frenchex.Dev.DotnetCore.DotnetCore.Generator.Lib", "Frenchex.Dev.DotnetCore.DotnetCore.Generator.Lib\Frenchex.Dev.DotnetCore.DotnetCore.Generator.Lib.csproj", "{0CDEEDB8-CC8A-4EC0-AA2A-A0DC4B8872F7}"
EndProject
Project("{FAE04EC0-301F-11D3-BF4B-00C04F79EFBC}") = "Frenchex.Dev.DotnetCore.DotnetCore.Generator.Lib.Domain", "Frenchex.Dev.DotnetCore.DotnetCore.Generator.Lib.Domain\Frenchex.Dev.DotnetCore.DotnetCore.Generator.Lib.Domain.csproj", "{F809F686-6BF7-4388-A740-E4E31695A9FD}"
EndProject
Project("{FAE04EC0-301F-11D3-BF4B-00C04F79EFBC}") = "Frenchex.Dev.DotnetCore.DotnetCore.Generator.Lib.Infrastructure", "Frenchex.Dev.DotnetCore.DotnetCore.Generator.Lib.Infrastructure\Frenchex.Dev.DotnetCore.DotnetCore.Generator.Lib.Infrastructure.csproj", "{34ACA40C-FD9A-4158-B695-D99CF55D2466}"
EndProject
Project("{FAE04EC0-301F-11D3-BF4B-00C04F79EFBC}") = "Frenchex.Dev.DotnetCore.DotnetCore.Generator.Lib.Domain.Abstractions", "Frenchex.Dev.DotnetCore.DotnetCore.Generator.Lib.Domain.Abstractions\Frenchex.Dev.DotnetCore.DotnetCore.Generator.Lib.Domain.Abstractions.csproj", "{E267CDB3-BBC2-4870-A1D4-068999B40D30}"
EndProject
Project("{FAE04EC0-301F-11D3-BF4B-00C04F79EFBC}") = "Frenchex.Dev.DotnetCore.DotnetCore.Generator.Lib.Tests", "Frenchex.Dev.DotnetCore.DotnetCore.Generator.Lib.Tests\Frenchex.Dev.DotnetCore.DotnetCore.Generator.Lib.Tests.csproj", "{743BD9BA-2D69-40EE-B002-E09BE9A37C87}"
EndProject
Global
	GlobalSection(SolutionConfigurationPlatforms) = preSolution
		Debug|Any CPU = Debug|Any CPU
		Release|Any CPU = Release|Any CPU
	EndGlobalSection
	GlobalSection(ProjectConfigurationPlatforms) = postSolution
		{1E2BF84A-D75B-49EA-9D3C-BECF17E0DBB4}.Debug|Any CPU.ActiveCfg = Debug|Any CPU
		{1E2BF84A-D75B-49EA-9D3C-BECF17E0DBB4}.Debug|Any CPU.Build.0 = Debug|Any CPU
		{1E2BF84A-D75B-49EA-9D3C-BECF17E0DBB4}.Release|Any CPU.ActiveCfg = Release|Any CPU
		{1E2BF84A-D75B-49EA-9D3C-BECF17E0DBB4}.Release|Any CPU.Build.0 = Release|Any CPU
		{5EB9F883-67E2-4649-8092-44237FF53777}.Debug|Any CPU.ActiveCfg = Debug|Any CPU
		{5EB9F883-67E2-4649-8092-44237FF53777}.Debug|Any CPU.Build.0 = Debug|Any CPU
		{5EB9F883-67E2-4649-8092-44237FF53777}.Release|Any CPU.ActiveCfg = Release|Any CPU
		{5EB9F883-67E2-4649-8092-44237FF53777}.Release|Any CPU.Build.0 = Release|Any CPU
		{8581AB79-1AD8-4D76-AA7E-0D2D2D2BFF94}.Debug|Any CPU.ActiveCfg = Debug|Any CPU
		{8581AB79-1AD8-4D76-AA7E-0D2D2D2BFF94}.Debug|Any CPU.Build.0 = Debug|Any CPU
		{8581AB79-1AD8-4D76-AA7E-0D2D2D2BFF94}.Release|Any CPU.ActiveCfg = Release|Any CPU
		{8581AB79-1AD8-4D76-AA7E-0D2D2D2BFF94}.Release|Any CPU.Build.0 = Release|Any CPU
		{E4D29927-79FC-4907-8E3E-34BAB6F79340}.Debug|Any CPU.ActiveCfg = Debug|Any CPU
		{E4D29927-79FC-4907-8E3E-34BAB6F79340}.Debug|Any CPU.Build.0 = Debug|Any CPU
		{E4D29927-79FC-4907-8E3E-34BAB6F79340}.Release|Any CPU.ActiveCfg = Release|Any CPU
		{E4D29927-79FC-4907-8E3E-34BAB6F79340}.Release|Any CPU.Build.0 = Release|Any CPU
		{F37D9FAB-9739-4F82-9C5D-35737BD5090F}.Debug|Any CPU.ActiveCfg = Debug|Any CPU
		{F37D9FAB-9739-4F82-9C5D-35737BD5090F}.Debug|Any CPU.Build.0 = Debug|Any CPU
		{F37D9FAB-9739-4F82-9C5D-35737BD5090F}.Release|Any CPU.ActiveCfg = Release|Any CPU
		{F37D9FAB-9739-4F82-9C5D-35737BD5090F}.Release|Any CPU.Build.0 = Release|Any CPU
		{9A6A551C-6A2C-482E-AD1B-63E73D0A1D18}.Debug|Any CPU.ActiveCfg = Debug|Any CPU
		{9A6A551C-6A2C-482E-AD1B-63E73D0A1D18}.Debug|Any CPU.Build.0 = Debug|Any CPU
		{9A6A551C-6A2C-482E-AD1B-63E73D0A1D18}.Release|Any CPU.ActiveCfg = Release|Any CPU
		{9A6A551C-6A2C-482E-AD1B-63E73D0A1D18}.Release|Any CPU.Build.0 = Release|Any CPU
		{B2BDBCB0-115A-4A3E-A6B3-E92BA29FE090}.Debug|Any CPU.ActiveCfg = Debug|Any CPU
		{B2BDBCB0-115A-4A3E-A6B3-E92BA29FE090}.Debug|Any CPU.Build.0 = Debug|Any CPU
		{B2BDBCB0-115A-4A3E-A6B3-E92BA29FE090}.Release|Any CPU.ActiveCfg = Release|Any CPU
		{B2BDBCB0-115A-4A3E-A6B3-E92BA29FE090}.Release|Any CPU.Build.0 = Release|Any CPU
		{D25A3051-BBCF-4744-BEBE-C0F66DE73957}.Debug|Any CPU.ActiveCfg = Debug|Any CPU
		{D25A3051-BBCF-4744-BEBE-C0F66DE73957}.Debug|Any CPU.Build.0 = Debug|Any CPU
		{D25A3051-BBCF-4744-BEBE-C0F66DE73957}.Release|Any CPU.ActiveCfg = Release|Any CPU
		{D25A3051-BBCF-4744-BEBE-C0F66DE73957}.Release|Any CPU.Build.0 = Release|Any CPU
		{234ED7F4-3860-476E-AA00-936F2C69D2D6}.Debug|Any CPU.ActiveCfg = Debug|Any CPU
		{234ED7F4-3860-476E-AA00-936F2C69D2D6}.Debug|Any CPU.Build.0 = Debug|Any CPU
		{234ED7F4-3860-476E-AA00-936F2C69D2D6}.Release|Any CPU.ActiveCfg = Release|Any CPU
		{234ED7F4-3860-476E-AA00-936F2C69D2D6}.Release|Any CPU.Build.0 = Release|Any CPU
		{748B55B5-2C79-451B-B916-6C9FDA5B4D01}.Debug|Any CPU.ActiveCfg = Debug|Any CPU
		{748B55B5-2C79-451B-B916-6C9FDA5B4D01}.Debug|Any CPU.Build.0 = Debug|Any CPU
		{748B55B5-2C79-451B-B916-6C9FDA5B4D01}.Release|Any CPU.ActiveCfg = Release|Any CPU
		{748B55B5-2C79-451B-B916-6C9FDA5B4D01}.Release|Any CPU.Build.0 = Release|Any CPU
		{08217A9C-F0F3-4817-907E-043486127225}.Debug|Any CPU.ActiveCfg = Debug|Any CPU
		{08217A9C-F0F3-4817-907E-043486127225}.Debug|Any CPU.Build.0 = Debug|Any CPU
		{08217A9C-F0F3-4817-907E-043486127225}.Release|Any CPU.ActiveCfg = Release|Any CPU
		{08217A9C-F0F3-4817-907E-043486127225}.Release|Any CPU.Build.0 = Release|Any CPU
		{F6C0CDAD-5A7C-4142-A9CC-A665CB38A11C}.Debug|Any CPU.ActiveCfg = Debug|Any CPU
		{F6C0CDAD-5A7C-4142-A9CC-A665CB38A11C}.Debug|Any CPU.Build.0 = Debug|Any CPU
		{F6C0CDAD-5A7C-4142-A9CC-A665CB38A11C}.Release|Any CPU.ActiveCfg = Release|Any CPU
		{F6C0CDAD-5A7C-4142-A9CC-A665CB38A11C}.Release|Any CPU.Build.0 = Release|Any CPU
		{E490FF15-2272-4BAA-B49C-229107DC15B8}.Debug|Any CPU.ActiveCfg = Debug|Any CPU
		{E490FF15-2272-4BAA-B49C-229107DC15B8}.Debug|Any CPU.Build.0 = Debug|Any CPU
		{E490FF15-2272-4BAA-B49C-229107DC15B8}.Release|Any CPU.ActiveCfg = Release|Any CPU
		{E490FF15-2272-4BAA-B49C-229107DC15B8}.Release|Any CPU.Build.0 = Release|Any CPU
		{A444F678-9B11-40DB-899B-CBBD77F82B23}.Debug|Any CPU.ActiveCfg = Debug|Any CPU
		{A444F678-9B11-40DB-899B-CBBD77F82B23}.Debug|Any CPU.Build.0 = Debug|Any CPU
		{A444F678-9B11-40DB-899B-CBBD77F82B23}.Release|Any CPU.ActiveCfg = Release|Any CPU
		{A444F678-9B11-40DB-899B-CBBD77F82B23}.Release|Any CPU.Build.0 = Release|Any CPU
		{BFB2B839-13FD-4635-A414-F62ABFFB202B}.Debug|Any CPU.ActiveCfg = Debug|Any CPU
		{BFB2B839-13FD-4635-A414-F62ABFFB202B}.Debug|Any CPU.Build.0 = Debug|Any CPU
		{BFB2B839-13FD-4635-A414-F62ABFFB202B}.Release|Any CPU.ActiveCfg = Release|Any CPU
		{BFB2B839-13FD-4635-A414-F62ABFFB202B}.Release|Any CPU.Build.0 = Release|Any CPU
		{1F4200BD-B858-42F6-9CE0-0BAD99E2F909}.Debug|Any CPU.ActiveCfg = Debug|Any CPU
		{1F4200BD-B858-42F6-9CE0-0BAD99E2F909}.Debug|Any CPU.Build.0 = Debug|Any CPU
		{1F4200BD-B858-42F6-9CE0-0BAD99E2F909}.Release|Any CPU.ActiveCfg = Release|Any CPU
		{1F4200BD-B858-42F6-9CE0-0BAD99E2F909}.Release|Any CPU.Build.0 = Release|Any CPU
		{01260F9E-E473-4D9B-91AD-E19F1F35D8AD}.Debug|Any CPU.ActiveCfg = Debug|Any CPU
		{01260F9E-E473-4D9B-91AD-E19F1F35D8AD}.Debug|Any CPU.Build.0 = Debug|Any CPU
		{01260F9E-E473-4D9B-91AD-E19F1F35D8AD}.Release|Any CPU.ActiveCfg = Release|Any CPU
		{01260F9E-E473-4D9B-91AD-E19F1F35D8AD}.Release|Any CPU.Build.0 = Release|Any CPU
		{8CE096C9-A750-47A4-9756-91CA77A41675}.Debug|Any CPU.ActiveCfg = Debug|Any CPU
		{8CE096C9-A750-47A4-9756-91CA77A41675}.Debug|Any CPU.Build.0 = Debug|Any CPU
		{8CE096C9-A750-47A4-9756-91CA77A41675}.Release|Any CPU.ActiveCfg = Release|Any CPU
		{8CE096C9-A750-47A4-9756-91CA77A41675}.Release|Any CPU.Build.0 = Release|Any CPU
		{4CB16E37-F5A5-4C7C-8640-CD6EBD0EA126}.Debug|Any CPU.ActiveCfg = Debug|Any CPU
		{4CB16E37-F5A5-4C7C-8640-CD6EBD0EA126}.Debug|Any CPU.Build.0 = Debug|Any CPU
		{4CB16E37-F5A5-4C7C-8640-CD6EBD0EA126}.Release|Any CPU.ActiveCfg = Release|Any CPU
		{4CB16E37-F5A5-4C7C-8640-CD6EBD0EA126}.Release|Any CPU.Build.0 = Release|Any CPU
		{27FA51E4-7BBF-4332-B31C-FA038BF43553}.Debug|Any CPU.ActiveCfg = Debug|Any CPU
		{27FA51E4-7BBF-4332-B31C-FA038BF43553}.Debug|Any CPU.Build.0 = Debug|Any CPU
		{27FA51E4-7BBF-4332-B31C-FA038BF43553}.Release|Any CPU.ActiveCfg = Release|Any CPU
		{27FA51E4-7BBF-4332-B31C-FA038BF43553}.Release|Any CPU.Build.0 = Release|Any CPU
		{1ED79886-35CD-41A4-AD88-5ACF6618DF82}.Debug|Any CPU.ActiveCfg = Debug|Any CPU
		{1ED79886-35CD-41A4-AD88-5ACF6618DF82}.Debug|Any CPU.Build.0 = Debug|Any CPU
		{1ED79886-35CD-41A4-AD88-5ACF6618DF82}.Release|Any CPU.ActiveCfg = Release|Any CPU
		{1ED79886-35CD-41A4-AD88-5ACF6618DF82}.Release|Any CPU.Build.0 = Release|Any CPU
		{06AF84B5-E661-4A7A-BBFA-5EE70F7AE2D0}.Debug|Any CPU.ActiveCfg = Debug|Any CPU
		{06AF84B5-E661-4A7A-BBFA-5EE70F7AE2D0}.Debug|Any CPU.Build.0 = Debug|Any CPU
		{06AF84B5-E661-4A7A-BBFA-5EE70F7AE2D0}.Release|Any CPU.ActiveCfg = Release|Any CPU
		{06AF84B5-E661-4A7A-BBFA-5EE70F7AE2D0}.Release|Any CPU.Build.0 = Release|Any CPU
		{3080DE09-B161-4BEA-91B2-6E71D36242E4}.Debug|Any CPU.ActiveCfg = Debug|Any CPU
		{3080DE09-B161-4BEA-91B2-6E71D36242E4}.Debug|Any CPU.Build.0 = Debug|Any CPU
		{3080DE09-B161-4BEA-91B2-6E71D36242E4}.Release|Any CPU.ActiveCfg = Release|Any CPU
		{3080DE09-B161-4BEA-91B2-6E71D36242E4}.Release|Any CPU.Build.0 = Release|Any CPU
		{143A7CC0-899F-4EF3-8BEE-5B1D21075FA2}.Debug|Any CPU.ActiveCfg = Debug|Any CPU
		{143A7CC0-899F-4EF3-8BEE-5B1D21075FA2}.Debug|Any CPU.Build.0 = Debug|Any CPU
		{143A7CC0-899F-4EF3-8BEE-5B1D21075FA2}.Release|Any CPU.ActiveCfg = Release|Any CPU
		{143A7CC0-899F-4EF3-8BEE-5B1D21075FA2}.Release|Any CPU.Build.0 = Release|Any CPU
		{E0F4F931-A159-41E3-9CCC-4BA0378DCC56}.Debug|Any CPU.ActiveCfg = Debug|Any CPU
		{E0F4F931-A159-41E3-9CCC-4BA0378DCC56}.Debug|Any CPU.Build.0 = Debug|Any CPU
		{E0F4F931-A159-41E3-9CCC-4BA0378DCC56}.Release|Any CPU.ActiveCfg = Release|Any CPU
		{E0F4F931-A159-41E3-9CCC-4BA0378DCC56}.Release|Any CPU.Build.0 = Release|Any CPU
		{0CDEEDB8-CC8A-4EC0-AA2A-A0DC4B8872F7}.Debug|Any CPU.ActiveCfg = Debug|Any CPU
		{0CDEEDB8-CC8A-4EC0-AA2A-A0DC4B8872F7}.Debug|Any CPU.Build.0 = Debug|Any CPU
		{0CDEEDB8-CC8A-4EC0-AA2A-A0DC4B8872F7}.Release|Any CPU.ActiveCfg = Release|Any CPU
		{0CDEEDB8-CC8A-4EC0-AA2A-A0DC4B8872F7}.Release|Any CPU.Build.0 = Release|Any CPU
		{F809F686-6BF7-4388-A740-E4E31695A9FD}.Debug|Any CPU.ActiveCfg = Debug|Any CPU
		{F809F686-6BF7-4388-A740-E4E31695A9FD}.Debug|Any CPU.Build.0 = Debug|Any CPU
		{F809F686-6BF7-4388-A740-E4E31695A9FD}.Release|Any CPU.ActiveCfg = Release|Any CPU
		{F809F686-6BF7-4388-A740-E4E31695A9FD}.Release|Any CPU.Build.0 = Release|Any CPU
		{34ACA40C-FD9A-4158-B695-D99CF55D2466}.Debug|Any CPU.ActiveCfg = Debug|Any CPU
		{34ACA40C-FD9A-4158-B695-D99CF55D2466}.Debug|Any CPU.Build.0 = Debug|Any CPU
		{34ACA40C-FD9A-4158-B695-D99CF55D2466}.Release|Any CPU.ActiveCfg = Release|Any CPU
		{34ACA40C-FD9A-4158-B695-D99CF55D2466}.Release|Any CPU.Build.0 = Release|Any CPU
		{E267CDB3-BBC2-4870-A1D4-068999B40D30}.Debug|Any CPU.ActiveCfg = Debug|Any CPU
		{E267CDB3-BBC2-4870-A1D4-068999B40D30}.Debug|Any CPU.Build.0 = Debug|Any CPU
		{E267CDB3-BBC2-4870-A1D4-068999B40D30}.Release|Any CPU.ActiveCfg = Release|Any CPU
		{E267CDB3-BBC2-4870-A1D4-068999B40D30}.Release|Any CPU.Build.0 = Release|Any CPU
		{743BD9BA-2D69-40EE-B002-E09BE9A37C87}.Debug|Any CPU.ActiveCfg = Debug|Any CPU
		{743BD9BA-2D69-40EE-B002-E09BE9A37C87}.Debug|Any CPU.Build.0 = Debug|Any CPU
		{743BD9BA-2D69-40EE-B002-E09BE9A37C87}.Release|Any CPU.ActiveCfg = Release|Any CPU
		{743BD9BA-2D69-40EE-B002-E09BE9A37C87}.Release|Any CPU.Build.0 = Release|Any CPU
	EndGlobalSection
	GlobalSection(SolutionProperties) = preSolution
		HideSolutionNode = FALSE
	EndGlobalSection
	GlobalSection(NestedProjects) = preSolution
		{1E2BF84A-D75B-49EA-9D3C-BECF17E0DBB4} = {DA89DFBC-BA73-42D6-8878-A47BCD8C39C2}
		{5EB9F883-67E2-4649-8092-44237FF53777} = {DA89DFBC-BA73-42D6-8878-A47BCD8C39C2}
		{8581AB79-1AD8-4D76-AA7E-0D2D2D2BFF94} = {DA89DFBC-BA73-42D6-8878-A47BCD8C39C2}
		{E4D29927-79FC-4907-8E3E-34BAB6F79340} = {DA89DFBC-BA73-42D6-8878-A47BCD8C39C2}
		{F37D9FAB-9739-4F82-9C5D-35737BD5090F} = {DA89DFBC-BA73-42D6-8878-A47BCD8C39C2}
		{9A6A551C-6A2C-482E-AD1B-63E73D0A1D18} = {137348C5-FDE2-4C60-B380-88AE06D9B006}
		{B2BDBCB0-115A-4A3E-A6B3-E92BA29FE090} = {DA89DFBC-BA73-42D6-8878-A47BCD8C39C2}
		{D25A3051-BBCF-4744-BEBE-C0F66DE73957} = {137348C5-FDE2-4C60-B380-88AE06D9B006}
		{234ED7F4-3860-476E-AA00-936F2C69D2D6} = {137348C5-FDE2-4C60-B380-88AE06D9B006}
		{137348C5-FDE2-4C60-B380-88AE06D9B006} = {9F7F6849-40BF-4C32-94FB-F3909A75673D}
		{CA1A6E50-64F0-46FE-BD24-24B827056E6F} = {9F7F6849-40BF-4C32-94FB-F3909A75673D}
		{7A5C9BD9-B6C9-4489-814F-99C53B131646} = {CA1A6E50-64F0-46FE-BD24-24B827056E6F}
		{CDCD5829-7A1D-4A75-9635-722F5510CF6A} = {CA1A6E50-64F0-46FE-BD24-24B827056E6F}
		{BDE111B0-A19C-44E7-8AAA-82BBA421176F} = {CA1A6E50-64F0-46FE-BD24-24B827056E6F}
		{748B55B5-2C79-451B-B916-6C9FDA5B4D01} = {12DFF91D-16E6-43FB-8AF0-080B3FDEBF9F}
		{08217A9C-F0F3-4817-907E-043486127225} = {12DFF91D-16E6-43FB-8AF0-080B3FDEBF9F}
		{F6C0CDAD-5A7C-4142-A9CC-A665CB38A11C} = {12DFF91D-16E6-43FB-8AF0-080B3FDEBF9F}
		{E490FF15-2272-4BAA-B49C-229107DC15B8} = {12DFF91D-16E6-43FB-8AF0-080B3FDEBF9F}
		{12DFF91D-16E6-43FB-8AF0-080B3FDEBF9F} = {BDE111B0-A19C-44E7-8AAA-82BBA421176F}
		{A444F678-9B11-40DB-899B-CBBD77F82B23} = {12DFF91D-16E6-43FB-8AF0-080B3FDEBF9F}
		{53BD619D-5164-4B05-966C-5BB175293566} = {7A5C9BD9-B6C9-4489-814F-99C53B131646}
		{BFB2B839-13FD-4635-A414-F62ABFFB202B} = {53BD619D-5164-4B05-966C-5BB175293566}
		{1F4200BD-B858-42F6-9CE0-0BAD99E2F909} = {53BD619D-5164-4B05-966C-5BB175293566}
		{01260F9E-E473-4D9B-91AD-E19F1F35D8AD} = {53BD619D-5164-4B05-966C-5BB175293566}
		{8CE096C9-A750-47A4-9756-91CA77A41675} = {53BD619D-5164-4B05-966C-5BB175293566}
		{4CB16E37-F5A5-4C7C-8640-CD6EBD0EA126} = {53BD619D-5164-4B05-966C-5BB175293566}
		{D6922EC7-4027-45A6-9639-595319963ACB} = {CDCD5829-7A1D-4A75-9635-722F5510CF6A}
		{27FA51E4-7BBF-4332-B31C-FA038BF43553} = {D6922EC7-4027-45A6-9639-595319963ACB}
		{1ED79886-35CD-41A4-AD88-5ACF6618DF82} = {D6922EC7-4027-45A6-9639-595319963ACB}
		{06AF84B5-E661-4A7A-BBFA-5EE70F7AE2D0} = {D6922EC7-4027-45A6-9639-595319963ACB}
		{3080DE09-B161-4BEA-91B2-6E71D36242E4} = {D6922EC7-4027-45A6-9639-595319963ACB}
		{143A7CC0-899F-4EF3-8BEE-5B1D21075FA2} = {D6922EC7-4027-45A6-9639-595319963ACB}
		{FF663486-8B48-492D-9953-7BF1A9EFFBAA} = {9F7F6849-40BF-4C32-94FB-F3909A75673D}
		{E0F4F931-A159-41E3-9CCC-4BA0378DCC56} = {FF663486-8B48-492D-9953-7BF1A9EFFBAA}
		{8C6314BB-2E67-4707-B115-F5D0F80E23FC} = {CA1A6E50-64F0-46FE-BD24-24B827056E6F}
		{0CDEEDB8-CC8A-4EC0-AA2A-A0DC4B8872F7} = {8C6314BB-2E67-4707-B115-F5D0F80E23FC}
		{F809F686-6BF7-4388-A740-E4E31695A9FD} = {8C6314BB-2E67-4707-B115-F5D0F80E23FC}
		{34ACA40C-FD9A-4158-B695-D99CF55D2466} = {8C6314BB-2E67-4707-B115-F5D0F80E23FC}
		{E267CDB3-BBC2-4870-A1D4-068999B40D30} = {8C6314BB-2E67-4707-B115-F5D0F80E23FC}
		{743BD9BA-2D69-40EE-B002-E09BE9A37C87} = {8C6314BB-2E67-4707-B115-F5D0F80E23FC}
	EndGlobalSection
	GlobalSection(ExtensibilityGlobals) = postSolution
		SolutionGuid = {4FC281B1-B4CB-4880-B811-BD07AD3EE896}
	EndGlobalSection
EndGlobal
